{
  "name": "chat-peer-sdk",
  "version": "1.0.0",
  "lockfileVersion": 1,
  "requires": true,
  "dependencies": {
    "@types/node": {
      "version": "14.14.11",
      "resolved": "https://registry.npm.taobao.org/@types/node/download/@types/node-14.14.11.tgz?cache=0&sync_timestamp=1607445075166&other_urls=https%3A%2F%2Fregistry.npm.taobao.org%2F%40types%2Fnode%2Fdownload%2F%40types%2Fnode-14.14.11.tgz",
      "integrity": "sha1-/CWkJIpejQg3AZsdFwFG0HM0q+A=",
      "dev": true
    },
    "arg": {
      "version": "4.1.3",
      "resolved": "https://registry.npm.taobao.org/arg/download/arg-4.1.3.tgz?cache=0&sync_timestamp=1605576950209&other_urls=https%3A%2F%2Fregistry.npm.taobao.org%2Farg%2Fdownload%2Farg-4.1.3.tgz",
      "integrity": "sha1-Jp/HrVuOQstjyJbVZmAXJhwUQIk=",
      "dev": true
    },
    "buffer-from": {
      "version": "1.1.1",
      "resolved": "https://registry.npm.taobao.org/buffer-from/download/buffer-from-1.1.1.tgz",
      "integrity": "sha1-MnE7wCj3XAL9txDXx7zsHyxgcO8=",
      "dev": true
    },
    "chat-peer-models": {
      "version": "1.0.0",
      "requires": {
        "protobufjs": "^6.10.2",
        "typescript": "^4.1.2"
      },
      "dependencies": {
        "@protobufjs/aspromise": {
          "version": "1.1.2",
          "resolved": "https://registry.npm.taobao.org/@protobufjs/aspromise/download/@protobufjs/aspromise-1.1.2.tgz",
          "integrity": "sha1-m4sMxmPWaafY9vXQiToU00jzD78="
        },
        "@protobufjs/base64": {
          "version": "1.1.2",
          "resolved": "https://registry.npm.taobao.org/@protobufjs/base64/download/@protobufjs/base64-1.1.2.tgz",
          "integrity": "sha1-TIVzDlm5ofHzSQR9vyQpYDS7JzU="
        },
        "@protobufjs/codegen": {
          "version": "2.0.4",
          "resolved": "https://registry.npm.taobao.org/@protobufjs/codegen/download/@protobufjs/codegen-2.0.4.tgz",
          "integrity": "sha1-fvN/DQEPsCitGtWXIuUG2SYoFcs="
        },
        "@protobufjs/eventemitter": {
          "version": "1.1.0",
          "resolved": "https://registry.npm.taobao.org/@protobufjs/eventemitter/download/@protobufjs/eventemitter-1.1.0.tgz",
          "integrity": "sha1-NVy8mLr61ZePntCV85diHx0Ga3A="
        },
        "@protobufjs/fetch": {
          "version": "1.1.0",
          "resolved": "https://registry.npm.taobao.org/@protobufjs/fetch/download/@protobufjs/fetch-1.1.0.tgz",
          "integrity": "sha1-upn7WYYUr2VwDBYZ/wbUVLDYTEU=",
          "requires": {
            "@protobufjs/aspromise": "^1.1.1",
            "@protobufjs/inquire": "^1.1.0"
          }
        },
        "@protobufjs/float": {
          "version": "1.0.2",
          "resolved": "https://registry.npm.taobao.org/@protobufjs/float/download/@protobufjs/float-1.0.2.tgz",
          "integrity": "sha1-Xp4avctz/Ap8uLKR33jIy9l7h9E="
        },
        "@protobufjs/inquire": {
          "version": "1.1.0",
          "resolved": "https://registry.npm.taobao.org/@protobufjs/inquire/download/@protobufjs/inquire-1.1.0.tgz",
          "integrity": "sha1-/yAOPnzyQp4tyvwRQIKOjMY48Ik="
        },
        "@protobufjs/path": {
          "version": "1.1.2",
          "resolved": "https://registry.npm.taobao.org/@protobufjs/path/download/@protobufjs/path-1.1.2.tgz",
          "integrity": "sha1-bMKyDFya1q0NzP0hynZz2Nf79o0="
        },
        "@protobufjs/pool": {
          "version": "1.1.0",
          "resolved": "https://registry.npm.taobao.org/@protobufjs/pool/download/@protobufjs/pool-1.1.0.tgz",
          "integrity": "sha1-Cf0V8tbTq/qbZbw2ZQbWrXhG/1Q="
        },
        "@protobufjs/utf8": {
          "version": "1.1.0",
          "resolved": "https://registry.npm.taobao.org/@protobufjs/utf8/download/@protobufjs/utf8-1.1.0.tgz",
          "integrity": "sha1-p3c2C1s5oaLlEG+OhY8v0tBgxXA="
        },
        "@types/long": {
          "version": "4.0.1",
          "resolved": "https://registry.npm.taobao.org/@types/long/download/@types/long-4.0.1.tgz?cache=0&other_urls=https%3A%2F%2Fregistry.npm.taobao.org%2F%40types%2Flong%2Fdownload%2F%40types%2Flong-4.0.1.tgz",
          "integrity": "sha1-RZxl+hhn2v5qjzIsTFFpVmPMVek="
        },
        "@types/node": {
          "version": "13.13.34",
          "resolved": "https://registry.npm.taobao.org/@types/node/download/@types/node-13.13.34.tgz?cache=0&sync_timestamp=1606763679953&other_urls=https%3A%2F%2Fregistry.npm.taobao.org%2F%40types%2Fnode%2Fdownload%2F%40types%2Fnode-13.13.34.tgz",
          "integrity": "sha1-yTAKG2Vg2QgX+yu6ZQ4lARaldfk="
        },
        "long": {
          "version": "4.0.0",
          "resolved": "https://registry.npm.taobao.org/long/download/long-4.0.0.tgz",
          "integrity": "sha1-mntxz7fTYaGU6lVSQckvdGjVvyg="
        },
        "protobufjs": {
          "version": "6.10.2",
          "resolved": "https://registry.npm.taobao.org/protobufjs/download/protobufjs-6.10.2.tgz",
          "integrity": "sha1-uctr2OyPh1FFkro/39KOk/M6Rps=",
          "requires": {
            "@protobufjs/aspromise": "^1.1.2",
            "@protobufjs/base64": "^1.1.2",
            "@protobufjs/codegen": "^2.0.4",
            "@protobufjs/eventemitter": "^1.1.0",
            "@protobufjs/fetch": "^1.1.0",
            "@protobufjs/float": "^1.0.2",
            "@protobufjs/inquire": "^1.1.0",
            "@protobufjs/path": "^1.1.2",
            "@protobufjs/pool": "^1.1.0",
            "@protobufjs/utf8": "^1.1.0",
            "@types/long": "^4.0.1",
            "@types/node": "^13.7.0",
            "long": "^4.0.0"
          }
        },
        "typescript": {
          "version": "4.1.2",
          "resolved": "https://registry.npm.taobao.org/typescript/download/typescript-4.1.2.tgz?cache=0&sync_timestamp=1606720519163&other_urls=https%3A%2F%2Fregistry.npm.taobao.org%2Ftypescript%2Fdownload%2Ftypescript-4.1.2.tgz",
          "integrity": "sha1-Y2nvIlFv5eEDBKrlpcSGLbVTgOk="
        }
      }
    },
    "create-require": {
      "version": "1.1.1",
      "resolved": "https://registry.npm.taobao.org/create-require/download/create-require-1.1.1.tgz",
      "integrity": "sha1-wdfo8eX2z8n/ZfnNNS03NIdWwzM=",
      "dev": true
    },
    "crypto": {
      "version": "1.0.1",
      "resolved": "https://registry.npm.taobao.org/crypto/download/crypto-1.0.1.tgz",
      "integrity": "sha1-KvG3ytgXXSTIobB3glV5SiGAMDc="
    },
    "diff": {
      "version": "4.0.2",
      "resolved": "https://registry.npm.taobao.org/diff/download/diff-4.0.2.tgz?cache=0&other_urls=https%3A%2F%2Fregistry.npm.taobao.org%2Fdiff%2Fdownload%2Fdiff-4.0.2.tgz",
      "integrity": "sha1-YPOuy4nV+uUgwRqhnvwruYKq3n0=",
      "dev": true
    },
    "hash.js": {
      "version": "1.1.7",
      "resolved": "https://registry.npm.taobao.org/hash.js/download/hash.js-1.1.7.tgz",
      "integrity": "sha1-C6vKU46NTuSg+JiNaIZlN6ADz0I=",
      "requires": {
        "inherits": "^2.0.3",
        "minimalistic-assert": "^1.0.1"
      }
    },
    "inherits": {
      "version": "2.0.4",
      "resolved": "https://registry.npm.taobao.org/inherits/download/inherits-2.0.4.tgz",
      "integrity": "sha1-D6LGT5MpF8NDOg3tVTY6rjdBa3w="
    },
    "make-error": {
      "version": "1.3.6",
      "resolved": "https://registry.npm.taobao.org/make-error/download/make-error-1.3.6.tgz",
      "integrity": "sha1-LrLjfqm2fEiR9oShOUeZr0hM96I=",
      "dev": true
    },
    "minimalistic-assert": {
      "version": "1.0.1",
      "resolved": "https://registry.npm.taobao.org/minimalistic-assert/download/minimalistic-assert-1.0.1.tgz",
      "integrity": "sha1-LhlN4ERibUoQ5/f7wAznPoPk1cc="
    },
    "source-map": {
      "version": "0.6.1",
      "resolved": "https://registry.npm.taobao.org/source-map/download/source-map-0.6.1.tgz",
      "integrity": "sha1-dHIq8y6WFOnCh6jQu95IteLxomM=",
      "dev": true
    },
    "source-map-support": {
      "version": "0.5.19",
      "resolved": "https://registry.npm.taobao.org/source-map-support/download/source-map-support-0.5.19.tgz",
      "integrity": "sha1-qYti+G3K9PZzmWSMCFKRq56P7WE=",
      "dev": true,
      "requires": {
        "buffer-from": "^1.0.0",
        "source-map": "^0.6.0"
      }
    },
    "ts-node": {
      "version": "9.1.1",
      "resolved": "https://registry.npm.taobao.org/ts-node/download/ts-node-9.1.1.tgz?cache=0&sync_timestamp=1607350703222&other_urls=https%3A%2F%2Fregistry.npm.taobao.org%2Fts-node%2Fdownload%2Fts-node-9.1.1.tgz",
      "integrity": "sha1-UamkUKPpWUAb2l8ASnLVS5NtN20=",
      "dev": true,
      "requires": {
        "arg": "^4.1.0",
        "create-require": "^1.1.0",
        "diff": "^4.0.1",
        "make-error": "^1.1.1",
        "source-map-support": "^0.5.17",
        "yn": "3.1.1"
      }
    },
    "typescript": {
      "version": "4.1.2",
      "resolved": "https://registry.npm.taobao.org/typescript/download/typescript-4.1.2.tgz?cache=0&sync_timestamp=1607503783456&other_urls=https%3A%2F%2Fregistry.npm.taobao.org%2Ftypescript%2Fdownload%2Ftypescript-4.1.2.tgz",
      "integrity": "sha1-Y2nvIlFv5eEDBKrlpcSGLbVTgOk=",
      "dev": true
    },
    "yn": {
      "version": "3.1.1",
      "resolved": "https://registry.npm.taobao.org/yn/download/yn-3.1.1.tgz",
      "integrity": "sha1-HodAGgnXZ8HV6rJqbkwYUYLS61A=",
      "dev": true
    }
  }
}
